
Microsoft Visual Studio Solution File, Format Version 12.00
# Visual Studio Version 17
VisualStudioVersion = 17.10.34928.147
MinimumVisualStudioVersion = 10.0.40219.1
Project("{8BC9CEB8-8B4A-11D0-8D11-00A0C91BC942}") = "DS5driver", "DS5driver\DS5driver.vcxproj", "{37A87BCD-D86A-4954-95B6-D5009CBA99DA}"
EndProject
Global
	GlobalSection(SolutionConfigurationPlatforms) = preSolution
		Debug|ARM64 = Debug|ARM64
		Debug|x64 = Debug|x64
		Release|ARM64 = Release|ARM64
		Release|x64 = Release|x64
	EndGlobalSection
	GlobalSection(ProjectConfigurationPlatforms) = postSolution
		{37A87BCD-D86A-4954-95B6-D5009CBA99DA}.Debug|ARM64.ActiveCfg = Debug|ARM64
		{37A87BCD-D86A-4954-95B6-D5009CBA99DA}.Debug|ARM64.Build.0 = Debug|ARM64
		{37A87BCD-D86A-4954-95B6-D5009CBA99DA}.Debug|ARM64.Deploy.0 = Debug|ARM64
		{37A87BCD-D86A-4954-95B6-D5009CBA99DA}.Debug|x64.ActiveCfg = Debug|x64
		{37A87BCD-D86A-4954-95B6-D5009CBA99DA}.Debug|x64.Build.0 = Debug|x64
		{37A87BCD-D86A-4954-95B6-D5009CBA99DA}.Debug|x64.Deploy.0 = Debug|x64
		{37A87BCD-D86A-4954-95B6-D5009CBA99DA}.Release|ARM64.ActiveCfg = Release|ARM64
		{37A87BCD-D86A-4954-95B6-D5009CBA99DA}.Release|ARM64.Build.0 = Release|ARM64
		{37A87BCD-D86A-4954-95B6-D5009CBA99DA}.Release|ARM64.Deploy.0 = Release|ARM64
		{37A87BCD-D86A-4954-95B6-D5009CBA99DA}.Release|x64.ActiveCfg = Release|x64
		{37A87BCD-D86A-4954-95B6-D5009CBA99DA}.Release|x64.Build.0 = Release|x64
		{37A87BCD-D86A-4954-95B6-D5009CBA99DA}.Release|x64.Deploy.0 = Release|x64
	EndGlobalSection
	GlobalSection(SolutionProperties) = preSolution
		HideSolutionNode = FALSE
	EndGlobalSection
	GlobalSection(ExtensibilityGlobals) = postSolution
		SolutionGuid = {AD22BD2D-5857-493A-929C-5B9A7C7079B7}
	EndGlobalSection
EndGlobal
